
Microsoft Visual Studio Solution File, Format Version 12.00
# Visual Studio Version 17
VisualStudioVersion = 17.11.35327.3
MinimumVisualStudioVersion = 10.0.40219.1
Project("{FAE04EC0-301F-11D3-BF4B-00C04F79EFBC}") = "Practik_5", "Practik_5.csproj", "{0FF370AB-9731-467E-86D3-82008599ACC9}"
EndProject
Global
	GlobalSection(SolutionConfigurationPlatforms) = preSolution
		Debug|Any CPU = Debug|Any CPU
		Release|Any CPU = Release|Any CPU
	EndGlobalSection
	GlobalSection(ProjectConfigurationPlatforms) = postSolution
		{0FF370AB-9731-467E-86D3-82008599ACC9}.Debug|Any CPU.ActiveCfg = Debug|Any CPU
		{0FF370AB-9731-467E-86D3-82008599ACC9}.Debug|Any CPU.Build.0 = Debug|Any CPU
		{0FF370AB-9731-467E-86D3-82008599ACC9}.Release|Any CPU.ActiveCfg = Release|Any CPU
		{0FF370AB-9731-467E-86D3-82008599ACC9}.Release|Any CPU.Build.0 = Release|Any CPU
	EndGlobalSection
	GlobalSection(SolutionProperties) = preSolution
		HideSolutionNode = FALSE
	EndGlobalSection
	GlobalSection(ExtensibilityGlobals) = postSolution
		SolutionGuid = {356FF4B2-1779-46F0-8954-1C2A0AD95D90}
	EndGlobalSection
EndGlobal
